
Microsoft Visual Studio Solution File, Format Version 12.00
Project("{FAE04EC0-301F-11D3-BF4B-00C04F79EFBC}") = "HotChocolate.EFCore.OwnedEntityError_6.0", "HotChocolate.EFCore.OwnedEntityError_6.0\HotChocolate.EFCore.OwnedEntityError_6.0.csproj", "{809212E4-0CE1-4705-A8A1-E43F70365F26}"
EndProject
Project("{FAE04EC0-301F-11D3-BF4B-00C04F79EFBC}") = "HotChocolate.EFCore.OwnedEntityError_7.0", "HotChocolate.EFCore.OwnedEntityError_7.0\HotChocolate.EFCore.OwnedEntityError_7.0.csproj", "{23C8CFFC-95B7-44A4-88AB-3920BE873E6F}"
EndProject
Project("{2150E333-8FDC-42A3-9474-1A3956D46DE8}") = ".items", ".items", "{22F423E2-2AB7-4120-AB54-51754A94EC76}"
	ProjectSection(SolutionItems) = preProject
		Readme.md = Readme.md
	EndProjectSection
EndProject
Global
	GlobalSection(SolutionConfigurationPlatforms) = preSolution
		Debug|Any CPU = Debug|Any CPU
		Release|Any CPU = Release|Any CPU
	EndGlobalSection
	GlobalSection(ProjectConfigurationPlatforms) = postSolution
		{809212E4-0CE1-4705-A8A1-E43F70365F26}.Debug|Any CPU.ActiveCfg = Debug|Any CPU
		{809212E4-0CE1-4705-A8A1-E43F70365F26}.Debug|Any CPU.Build.0 = Debug|Any CPU
		{809212E4-0CE1-4705-A8A1-E43F70365F26}.Release|Any CPU.ActiveCfg = Release|Any CPU
		{809212E4-0CE1-4705-A8A1-E43F70365F26}.Release|Any CPU.Build.0 = Release|Any CPU
		{23C8CFFC-95B7-44A4-88AB-3920BE873E6F}.Debug|Any CPU.ActiveCfg = Debug|Any CPU
		{23C8CFFC-95B7-44A4-88AB-3920BE873E6F}.Debug|Any CPU.Build.0 = Debug|Any CPU
		{23C8CFFC-95B7-44A4-88AB-3920BE873E6F}.Release|Any CPU.ActiveCfg = Release|Any CPU
		{23C8CFFC-95B7-44A4-88AB-3920BE873E6F}.Release|Any CPU.Build.0 = Release|Any CPU
	EndGlobalSection
EndGlobal
